
Microsoft Visual Studio Solution File, Format Version 12.00
# Visual Studio 14
VisualStudioVersion = 14.0.25420.1
MinimumVisualStudioVersion = 10.0.40219.1
Project("{FAE04EC0-301F-11D3-BF4B-00C04F79EFBC}") = "SQLserver2016", "SQLserver2016\SQLserver2016.csproj", "{FAB87129-2954-441D-B4FF-4D27B7C1B108}"
EndProject
Project("{FAE04EC0-301F-11D3-BF4B-00C04F79EFBC}") = "Access2016", "Access2016\Access2016.csproj", "{689A3463-C581-4C70-A360-E121003462D1}"
EndProject
Global
	GlobalSection(SolutionConfigurationPlatforms) = preSolution
		Debug|Any CPU = Debug|Any CPU
		Release|Any CPU = Release|Any CPU
	EndGlobalSection
	GlobalSection(ProjectConfigurationPlatforms) = postSolution
		{FAB87129-2954-441D-B4FF-4D27B7C1B108}.Debug|Any CPU.ActiveCfg = Debug|Any CPU
		{FAB87129-2954-441D-B4FF-4D27B7C1B108}.Debug|Any CPU.Build.0 = Debug|Any CPU
		{FAB87129-2954-441D-B4FF-4D27B7C1B108}.Release|Any CPU.ActiveCfg = Release|Any CPU
		{FAB87129-2954-441D-B4FF-4D27B7C1B108}.Release|Any CPU.Build.0 = Release|Any CPU
		{689A3463-C581-4C70-A360-E121003462D1}.Debug|Any CPU.ActiveCfg = Debug|Any CPU
		{689A3463-C581-4C70-A360-E121003462D1}.Debug|Any CPU.Build.0 = Debug|Any CPU
		{689A3463-C581-4C70-A360-E121003462D1}.Release|Any CPU.ActiveCfg = Release|Any CPU
		{689A3463-C581-4C70-A360-E121003462D1}.Release|Any CPU.Build.0 = Release|Any CPU
	EndGlobalSection
	GlobalSection(SolutionProperties) = preSolution
		HideSolutionNode = FALSE
	EndGlobalSection
EndGlobal
